
Microsoft Visual Studio Solution File, Format Version 12.00
# Visual Studio Version 17
VisualStudioVersion = 17.14.36623.8
MinimumVisualStudioVersion = 10.0.40219.1
Project("{FAE04EC0-301F-11D3-BF4B-00C04F79EFBC}") = "ProfileUI", "ProfileUI\ProfileUI.csproj", "{6DA0BA1C-39B8-4FAE-B8DA-7B492701B082}"
EndProject
Global
	GlobalSection(SolutionConfigurationPlatforms) = preSolution
		Debug|Any CPU = Debug|Any CPU
		Release|Any CPU = Release|Any CPU
	EndGlobalSection
	GlobalSection(ProjectConfigurationPlatforms) = postSolution
		{6DA0BA1C-39B8-4FAE-B8DA-7B492701B082}.Debug|Any CPU.ActiveCfg = Debug|Any CPU
		{6DA0BA1C-39B8-4FAE-B8DA-7B492701B082}.Debug|Any CPU.Build.0 = Debug|Any CPU
		{6DA0BA1C-39B8-4FAE-B8DA-7B492701B082}.Release|Any CPU.ActiveCfg = Release|Any CPU
		{6DA0BA1C-39B8-4FAE-B8DA-7B492701B082}.Release|Any CPU.Build.0 = Release|Any CPU
	EndGlobalSection
	GlobalSection(SolutionProperties) = preSolution
		HideSolutionNode = FALSE
	EndGlobalSection
	GlobalSection(ExtensibilityGlobals) = postSolution
		SolutionGuid = {313AE436-7F71-4DE9-904D-60C2B083DB1A}
	EndGlobalSection
EndGlobal
